Microsoft Visual Studio Solution File, Format Version 12.00
# Visual Studio Version 17
VisualStudioVersion = 17.5.2.0
MinimumVisualStudioVersion = 10.0.40219.1
Project("{FAE04EC0-301F-11D3-BF4B-00C04F79EFBC}") = "strava-recap-api", "strava-recap-api\strava-recap-api.csproj", "{CF4F7AFB-B3B5-FEAB-949F-749436DB65E2}"
EndProject
Project("{2150E333-8FDC-42A3-9474-1A3956D46DE8}") = "strava-recap-api (1)", "strava-recap-api (1)", "{8242CE41-6F0F-7A88-0362-5EDBFA45CA42}"
EndProject
Global
	GlobalSection(SolutionConfigurationPlatforms) = preSolution
		Debug|Any CPU = Debug|Any CPU
		Release|Any CPU = Release|Any CPU
	EndGlobalSection
	GlobalSection(ProjectConfigurationPlatforms) = postSolution
		{CF4F7AFB-B3B5-FEAB-949F-749436DB65E2}.Debug|Any CPU.ActiveCfg = Debug|Any CPU
		{CF4F7AFB-B3B5-FEAB-949F-749436DB65E2}.Debug|Any CPU.Build.0 = Debug|Any CPU
		{CF4F7AFB-B3B5-FEAB-949F-749436DB65E2}.Release|Any CPU.ActiveCfg = Release|Any CPU
		{CF4F7AFB-B3B5-FEAB-949F-749436DB65E2}.Release|Any CPU.Build.0 = Release|Any CPU
	EndGlobalSection
	GlobalSection(SolutionProperties) = preSolution
		HideSolutionNode = FALSE
	EndGlobalSection
	GlobalSection(ExtensibilityGlobals) = postSolution
		SolutionGuid = {3906CBB3-C0A6-4B3E-949D-15C490C7A17A}
	EndGlobalSection
EndGlobal
